
Microsoft Visual Studio Solution File, Format Version 12.00
# Visual Studio Version 17
VisualStudioVersion = 17.5.002.0
MinimumVisualStudioVersion = 10.0.40219.1
Project("{9A19103F-16F7-4668-BE54-9A1E7A4F7556}") = "3DEUX1.IMMOBILIER.TG", "3DEUX1.IMMOBILIER.TG.csproj", "{C43A5A6E-E969-45C5-B886-C712E4A2FC32}"
EndProject
Global
	GlobalSection(SolutionConfigurationPlatforms) = preSolution
		Debug|Any CPU = Debug|Any CPU
		Release|Any CPU = Release|Any CPU
	EndGlobalSection
	GlobalSection(ProjectConfigurationPlatforms) = postSolution
		{C43A5A6E-E969-45C5-B886-C712E4A2FC32}.Debug|Any CPU.ActiveCfg = Debug|Any CPU
		{C43A5A6E-E969-45C5-B886-C712E4A2FC32}.Debug|Any CPU.Build.0 = Debug|Any CPU
		{C43A5A6E-E969-45C5-B886-C712E4A2FC32}.Release|Any CPU.ActiveCfg = Release|Any CPU
		{C43A5A6E-E969-45C5-B886-C712E4A2FC32}.Release|Any CPU.Build.0 = Release|Any CPU
	EndGlobalSection
	GlobalSection(SolutionProperties) = preSolution
		HideSolutionNode = FALSE
	EndGlobalSection
	GlobalSection(ExtensibilityGlobals) = postSolution
		SolutionGuid = {F09224AA-3193-4657-9744-FC26D98E401D}
	EndGlobalSection
EndGlobal
